// !$*UTF8*$!
{
	archiveVersion = 1;
	classes = {
	};
	objectVersion = 48;
	objects = {

/* Begin PBXBuildFile section */
		0748FC7D20034A43005C5F0F /* AppDelegate.swift in Sources */ = {isa = PBXBuildFile; fileRef = 0748FC7C20034A43005C5F0F /* AppDelegate.swift */; };
		0748FC8220034A43005C5F0F /* Main.storyboard in Resources */ = {isa = PBXBuildFile; fileRef = 0748FC8020034A43005C5F0F /* Main.storyboard */; };
		0748FC8420034A43005C5F0F /* Assets.xcassets in Resources */ = {isa = PBXBuildFile; fileRef = 0748FC8320034A43005C5F0F /* Assets.xcassets */; };
		0748FC8720034A43005C5F0F /* LaunchScreen.storyboard in Resources */ = {isa = PBXBuildFile; fileRef = 0748FC8520034A43005C5F0F /* LaunchScreen.storyboard */; };
		0748FC9020034B53005C5F0F /* MainViewController.swift in Sources */ = {isa = PBXBuildFile; fileRef = 0748FC8E20034B53005C5F0F /* MainViewController.swift */; };
		0748FC9120034B53005C5F0F /* MainViewController.xib in Resources */ = {isa = PBXBuildFile; fileRef = 0748FC8F20034B53005C5F0F /* MainViewController.xib */; };
		0748FC9320034B8C005C5F0F /* MainView.swift in Sources */ = {isa = PBXBuildFile; fileRef = 0748FC9220034B8C005C5F0F /* MainView.swift */; };
		0748FC95200354D5005C5F0F /* hand.swift in Sources */ = {isa = PBXBuildFile; fileRef = 0748FC94200354D5005C5F0F /* hand.swift */; };
		0748FC972003554D005C5F0F /* RSPExecutor.swift in Sources */ = {isa = PBXBuildFile; fileRef = 0748FC962003554D005C5F0F /* RSPExecutor.swift */; };
		0748FC99200355B4005C5F0F /* EnemyTrend.swift in Sources */ = {isa = PBXBuildFile; fileRef = 0748FC98200355B4005C5F0F /* EnemyTrend.swift */; };
/* End PBXBuildFile section */

/* Begin PBXFileReference section */
		0748FC7920034A43005C5F0F /* sampleapp.app */ = {isa = PBXFileReference; explicitFileType = wrapper.application; includeInIndex = 0; path = sampleapp.app; sourceTree = BUILT_PRODUCTS_DIR; };
		0748FC7C20034A43005C5F0F /* AppDelegate.swift */ = {isa = PBXFileReference; lastKnownFileType = sourcecode.swift; path = AppDelegate.swift; sourceTree = "<group>"; };
		0748FC8120034A43005C5F0F /* Base */ = {isa = PBXFileReference; lastKnownFileType = file.storyboard; name = Base; path = Base.lproj/Main.storyboard; sourceTree = "<group>"; };
		0748FC8320034A43005C5F0F /* Assets.xcassets */ = {isa = PBXFileReference; lastKnownFileType = folder.assetcatalog; path = Assets.xcassets; sourceTree = "<group>"; };
		0748FC8620034A43005C5F0F /* Base */ = {isa = PBXFileReference; lastKnownFileType = file.storyboard; name = Base; path = Base.lproj/LaunchScreen.storyboard; sourceTree = "<group>"; };
		0748FC8820034A43005C5F0F /* Info.plist */ = {isa = PBXFileReference; lastKnownFileType = text.plist.xml; path = Info.plist; sourceTree = "<group>"; };
		0748FC8E20034B53005C5F0F /* MainViewController.swift */ = {isa = PBXFileReference; lastKnownFileType = sourcecode.swift; path = MainViewController.swift; sourceTree = "<group>"; };
		0748FC8F20034B53005C5F0F /* MainViewController.xib */ = {isa = PBXFileReference; lastKnownFileType = file.xib; path = MainViewController.xib; sourceTree = "<group>"; };
		0748FC9220034B8C005C5F0F /* MainView.swift */ = {isa = PBXFileReference; lastKnownFileType = sourcecode.swift; path = MainView.swift; sourceTree = "<group>"; };
		0748FC94200354D5005C5F0F /* hand.swift */ = {isa = PBXFileReference; lastKnownFileType = sourcecode.swift; path = hand.swift; sourceTree = "<group>"; };
		0748FC962003554D005C5F0F /* RSPExecutor.swift */ = {isa = PBXFileReference; lastKnownFileType = sourcecode.swift; path = RSPExecutor.swift; sourceTree = "<group>"; };
		0748FC98200355B4005C5F0F /* EnemyTrend.swift */ = {isa = PBXFileReference; lastKnownFileType = sourcecode.swift; path = EnemyTrend.swift; sourceTree = "<group>"; };
/* End PBXFileReference section */

/* Begin PBXFrameworksBuildPhase section */
		0748FC7620034A43005C5F0F /* Frameworks */ = {
			isa = PBXFrameworksBuildPhase;
			buildActionMask = 2147483647;
			files = (
			);
			runOnlyForDeploymentPostprocessing = 0;
		};
/* End PBXFrameworksBuildPhase section */

/* Begin PBXGroup section */
		0748FC7020034A43005C5F0F = {
			isa = PBXGroup;
			children = (
				0748FC7B20034A43005C5F0F /* sampleapp */,
				0748FC7A20034A43005C5F0F /* Products */,
			);
			sourceTree = "<group>";
		};
		0748FC7A20034A43005C5F0F /* Products */ = {
			isa = PBXGroup;
			children = (
				0748FC7920034A43005C5F0F /* sampleapp.app */,
			);
			name = Products;
			sourceTree = "<group>";
		};
		0748FC7B20034A43005C5F0F /* sampleapp */ = {
			isa = PBXGroup;
			children = (
				0748FC7C20034A43005C5F0F /* AppDelegate.swift */,
				0748FC8020034A43005C5F0F /* Main.storyboard */,
				0748FC8320034A43005C5F0F /* Assets.xcassets */,
				0748FC8520034A43005C5F0F /* LaunchScreen.storyboard */,
				0748FC8820034A43005C5F0F /* Info.plist */,
				0748FC8E20034B53005C5F0F /* MainViewController.swift */,
				0748FC8F20034B53005C5F0F /* MainViewController.xib */,
				0748FC9220034B8C005C5F0F /* MainView.swift */,
				0748FC94200354D5005C5F0F /* hand.swift */,
				0748FC962003554D005C5F0F /* RSPExecutor.swift */,
				0748FC98200355B4005C5F0F /* EnemyTrend.swift */,
			);
			path = sampleapp;
			sourceTree = "<group>";
		};
/* End PBXGroup section */

/* Begin PBXNativeTarget section */
		0748FC7820034A43005C5F0F /* sampleapp */ = {
			isa = PBXNativeTarget;
			buildConfigurationList = 0748FC8B20034A43005C5F0F /* Build configuration list for PBXNativeTarget "sampleapp" */;
			buildPhases = (
				0748FC7520034A43005C5F0F /* Sources */,
				0748FC7620034A43005C5F0F /* Frameworks */,
				0748FC7720034A43005C5F0F /* Resources */,
			);
			buildRules = (
			);
			dependencies = (
			);
			name = sampleapp;
			productName = sampleapp;
			productReference = 0748FC7920034A43005C5F0F /* sampleapp.app */;
			productType = "com.apple.product-type.application";
		};
/* End PBXNativeTarget section */

/* Begin PBXProject section */
		0748FC7120034A43005C5F0F /* Project object */ = {
			isa = PBXProject;
			attributes = {
				LastSwiftUpdateCheck = 0920;
				LastUpgradeCheck = 0920;
				ORGANIZATIONNAME = "Yoshihiro Wada";
				TargetAttributes = {
					0748FC7820034A43005C5F0F = {
						CreatedOnToolsVersion = 9.2;
						ProvisioningStyle = Automatic;
					};
				};
			};
			buildConfigurationList = 0748FC7420034A43005C5F0F /* Build configuration list for PBXProject "sampleapp" */;
			compatibilityVersion = "Xcode 8.0";
			developmentRegion = en;
			hasScannedForEncodings = 0;
			knownRegions = (
				en,
				Base,
			);
			mainGroup = 0748FC7020034A43005C5F0F;
			productRefGroup = 0748FC7A20034A43005C5F0F /* Products */;
			projectDirPath = "";
			projectRoot = "";
			targets = (
				0748FC7820034A43005C5F0F /* sampleapp */,
			);
		};
/* End PBXProject section */

/* Begin PBXResourcesBuildPhase section */
		0748FC7720034A43005C5F0F /* Resources */ = {
			isa = PBXResourcesBuildPhase;
			buildActionMask = 2147483647;
			files = (
				0748FC8720034A43005C5F0F /* LaunchScreen.storyboard in Resources */,
				0748FC8420034A43005C5F0F /* Assets.xcassets in Resources */,
				0748FC8220034A43005C5F0F /* Main.storyboard in Resources */,
				0748FC9120034B53005C5F0F /* MainViewController.xib in Resources */,
			);
			runOnlyForDeploymentPostprocessing = 0;
		};
/* End PBXResourcesBuildPhase section */

/* Begin PBXSourcesBuildPhase section */
		0748FC7520034A43005C5F0F /* Sources */ = {
			isa = PBXSourcesBuildPhase;
			buildActionMask = 2147483647;
			files = (
				0748FC9020034B53005C5F0F /* MainViewController.swift in Sources */,
				0748FC9320034B8C005C5F0F /* MainView.swift in Sources */,
				0748FC972003554D005C5F0F /* RSPExecutor.swift in Sources */,
				0748FC99200355B4005C5F0F /* EnemyTrend.swift in Sources */,
				0748FC95200354D5005C5F0F /* hand.swift in Sources */,
				0748FC7D20034A43005C5F0F /* AppDelegate.swift in Sources */,
			);
			runOnlyForDeploymentPostprocessing = 0;
		};
/* End PBXSourcesBuildPhase section */

/* Begin PBXVariantGroup section */
		0748FC8020034A43005C5F0F /* Main.storyboard */ = {
			isa = PBXVariantGroup;
			children = (
				0748FC8120034A43005C5F0F /* Base */,
			);
			name = Main.storyboard;
			sourceTree = "<group>";
		};
		0748FC8520034A43005C5F0F /* LaunchScreen.storyboard */ = {
			isa = PBXVariantGroup;
			children = (
				0748FC8620034A43005C5F0F /* Base */,
			);
			name = LaunchScreen.storyboard;
			sourceTree = "<group>";
		};
/* End PBXVariantGroup section */

/* Begin XCBuildConfiguration section */
		0748FC8920034A43005C5F0F /* Debug */ = {
			isa = XCBuildConfiguration;
			buildSettings = {
				ALWAYS_SEARCH_USER_PATHS = NO;
				CLANG_ANALYZER_NONNULL = YES;
				CLANG_ANALYZER_NUMBER_OBJECT_CONVERSION = YES_AGGRESSIVE;
				CLANG_CXX_LANGUAGE_STANDARD = "gnu++14";
				CLANG_CXX_LIBRARY = "libc++";
				CLANG_ENABLE_MODULES = YES;
				CLANG_ENABLE_OBJC_ARC = YES;
				CLANG_WARN_BLOCK_CAPTURE_AUTORELEASING = YES;
				CLANG_WARN_BOOL_CONVERSION = YES;
				CLANG_WARN_COMMA = YES;
				CLANG_WARN_CONSTANT_CONVERSION = YES;
				CLANG_WARN_DIRECT_OBJC_ISA_USAGE = YES_ERROR;
				CLANG_WARN_DOCUMENTATION_COMMENTS = YES;
				CLANG_WARN_EMPTY_BODY = YES;
				CLANG_WARN_ENUM_CONVERSION = YES;
				CLANG_WARN_INFINITE_RECURSION = YES;
				CLANG_WARN_INT_CONVERSION = YES;
				CLANG_WARN_NON_LITERAL_NULL_CONVERSION = YES;
				CLANG_WARN_OBJC_LITERAL_CONVERSION = YES;
				CLANG_WARN_OBJC_ROOT_CLASS = YES_ERROR;
				CLANG_WARN_RANGE_LOOP_ANALYSIS = YES;
				CLANG_WARN_STRICT_PROTOTYPES = YES;
				CLANG_WARN_SUSPICIOUS_MOVE = YES;
				CLANG_WARN_UNGUARDED_AVAILABILITY = YES_AGGRESSIVE;
				CLANG_WARN_UNREACHABLE_CODE = YES;
				CLANG_WARN__DUPLICATE_METHOD_MATCH = YES;
				CODE_SIGN_IDENTITY = "iPhone Developer";
				COPY_PHASE_STRIP = NO;
				DEBUG_INFORMATION_FORMAT = dwarf;
				ENABLE_STRICT_OBJC_MSGSEND = YES;
				ENABLE_TESTABILITY = YES;
				GCC_C_LANGUAGE_STANDARD = gnu11;
				GCC_DYNAMIC_NO_PIC = NO;
				GCC_NO_COMMON_BLOCKS = YES;
				GCC_OPTIMIZATION_LEVEL = 0;
				GCC_PREPROCESSOR_DEFINITIONS = (
					"DEBUG=1",
					"$(inherited)",
				);
				GCC_WARN_64_TO_32_BIT_CONVERSION = YES;
				GCC_WARN_ABOUT_RETURN_TYPE = YES_ERROR;
				GCC_WARN_UNDECLARED_SELECTOR = YES;
				GCC_WARN_UNINITIALIZED_AUTOS = YES_AGGRESSIVE;
				GCC_WARN_UNUSED_FUNCTION = YES;
				GCC_WARN_UNUSED_VARIABLE = YES;
				IPHONEOS_DEPLOYMENT_TARGET = 11.2;
				MTL_ENABLE_DEBUG_INFO = YES;
				ONLY_ACTIVE_ARCH = YES;
				SDKROOT = iphoneos;
				SWIFT_ACTIVE_COMPILATION_CONDITIONS = DEBUG;
				SWIFT_OPTIMIZATION_LEVEL = "-Onone";
			};
			name = Debug;
		};
		0748FC8A20034A43005C5F0F /* Release */ = {
			isa = XCBuildConfiguration;
			buildSettings = {
				ALWAYS_SEARCH_USER_PATHS = NO;
				CLANG_ANALYZER_NONNULL = YES;
				CLANG_ANALYZER_NUMBER_OBJECT_CONVERSION = YES_AGGRESSIVE;
				CLANG_CXX_LANGUAGE_STANDARD = "gnu++14";
				CLANG_CXX_LIBRARY = "libc++";
				CLANG_ENABLE_MODULES = YES;
				CLANG_ENABLE_OBJC_ARC = YES;
				CLANG_WARN_BLOCK_CAPTURE_AUTORELEASING = YES;
				CLANG_WARN_BOOL_CONVERSION = YES;
				CLANG_WARN_COMMA = YES;
				CLANG_WARN_CONSTANT_CONVERSION = YES;
				CLANG_WARN_DIRECT_OBJC_ISA_USAGE = YES_ERROR;
				CLANG_WARN_DOCUMENTATION_COMMENTS = YES;
				CLANG_WARN_EMPTY_BODY = YES;
				CLANG_WARN_ENUM_CONVERSION = YES;
				CLANG_WARN_INFINITE_RECURSION = YES;
				CLANG_WARN_INT_CONVERSION = YES;
				CLANG_WARN_NON_LITERAL_NULL_CONVERSION = YES;
				CLANG_WARN_OBJC_LITERAL_CONVERSION = YES;
				CLANG_WARN_OBJC_ROOT_CLASS = YES_ERROR;
				CLANG_WARN_RANGE_LOOP_ANALYSIS = YES;
				CLANG_WARN_STRICT_PROTOTYPES = YES;
				CLANG_WARN_SUSPICIOUS_MOVE = YES;
				CLANG_WARN_UNGUARDED_AVAILABILITY = YES_AGGRESSIVE;
				CLANG_WARN_UNREACHABLE_CODE = YES;
				CLANG_WARN__DUPLICATE_METHOD_MATCH = YES;
				CODE_SIGN_IDENTITY = "iPhone Developer";
				COPY_PHASE_STRIP = NO;
				DEBUG_INFORMATION_FORMAT = "dwarf-with-dsym";
				ENABLE_NS_ASSERTIONS = NO;
				ENABLE_STRICT_OBJC_MSGSEND = YES;
				GCC_C_LANGUAGE_STANDARD = gnu11;
				GCC_NO_COMMON_BLOCKS = YES;
				GCC_WARN_64_TO_32_BIT_CONVERSION = YES;
				GCC_WARN_ABOUT_RETURN_TYPE = YES_ERROR;
				GCC_WARN_UNDECLARED_SELECTOR = YES;
				GCC_WARN_UNINITIALIZED_AUTOS = YES_AGGRESSIVE;
				GCC_WARN_UNUSED_FUNCTION = YES;
				GCC_WARN_UNUSED_VARIABLE = YES;
				IPHONEOS_DEPLOYMENT_TARGET = 11.2;
				MTL_ENABLE_DEBUG_INFO = NO;
				SDKROOT = iphoneos;
				SWIFT_OPTIMIZATION_LEVEL = "-Owholemodule";
				VALIDATE_PRODUCT = YES;
			};
			name = Release;
		};
		0748FC8C20034A43005C5F0F /* Debug */ = {
			isa = XCBuildConfiguration;
			buildSettings = {
				ASSETCATALOG_COMPILER_APPICON_NAME = AppIcon;
				CODE_SIGN_STYLE = Automatic;
				DEVELOPMENT_TEAM = L6UACV3JPL;
				INFOPLIST_FILE = sampleapp/Info.plist;
				IPHONEOS_DEPLOYMENT_TARGET = 9.0;
				LD_RUNPATH_SEARCH_PATHS = "$(inherited) @executable_path/Frameworks";
				PRODUCT_BUNDLE_IDENTIFIER = xyz.dokup.sampleapp;
				PRODUCT_NAME = "$(TARGET_NAME)";
				SWIFT_VERSION = 4.0;
				TARGETED_DEVICE_FAMILY = "1,2";
			};
			name = Debug;
		};
		0748FC8D20034A43005C5F0F /* Release */ = {
			isa = XCBuildConfiguration;
			buildSettings = {
				ASSETCATALOG_COMPILER_APPICON_NAME = AppIcon;
				CODE_SIGN_STYLE = Automatic;
				DEVELOPMENT_TEAM = L6UACV3JPL;
				INFOPLIST_FILE = sampleapp/Info.plist;
				IPHONEOS_DEPLOYMENT_TARGET = 9.0;
				LD_RUNPATH_SEARCH_PATHS = "$(inherited) @executable_path/Frameworks";
				PRODUCT_BUNDLE_IDENTIFIER = xyz.dokup.sampleapp;
				PRODUCT_NAME = "$(TARGET_NAME)";
				SWIFT_VERSION = 4.0;
				TARGETED_DEVICE_FAMILY = "1,2";
			};
			name = Release;
		};
/* End XCBuildConfiguration section */

/* Begin XCConfigurationList section */
		0748FC7420034A43005C5F0F /* Build configuration list for PBXProject "sampleapp" */ = {
			isa = XCConfigurationList;
			buildConfigurations = (
				0748FC8920034A43005C5F0F /* Debug */,
				0748FC8A20034A43005C5F0F /* Release */,
			);
			defaultConfigurationIsVisible = 0;
			defaultConfigurationName = Release;
		};
		0748FC8B20034A43005C5F0F /* Build configuration list for PBXNativeTarget "sampleapp" */ = {
			isa = XCConfigurationList;
			buildConfigurations = (
				0748FC8C20034A43005C5F0F /* Debug */,
				0748FC8D20034A43005C5F0F /* Release */,
			);
			defaultConfigurationIsVisible = 0;
			defaultConfigurationName = Release;
		};
/* End XCConfigurationList section */
	};
	rootObject = 0748FC7120034A43005C5F0F /* Project object */;
}
